{
    "_readme": [
        "This file locks the dependencies of your project to a known state",
        "Read more about it at https://getcomposer.org/doc/01-basic-usage.md#installing-dependencies",
        "This file is @generated automatically"
    ],
    "content-hash": "3463db8bf60a603ed029b2e37a2f8c35",
    "packages": [
        {
            "name": "nemundo/core",
            "version": "0.51",
            "source": {
                "type": "git",
                "url": "https://github.com/nemundo/core.git",
                "reference": "738e92e7fd318dca4b94267623153dcc83e182b2"
            },
            "dist": {
                "type": "zip",
                "url": "https://api.github.com/repos/nemundo/core/zipball/738e92e7fd318dca4b94267623153dcc83e182b2",
                "reference": "738e92e7fd318dca4b94267623153dcc83e182b2",
                "shasum": ""
            },
            "type": "library",
            "autoload": {
                "psr-4": {
                    "Nemundo\\Core\\": "src/"
                }
            },
            "notification-url": "https://packagist.org/downloads/",
            "license": [
                "MIT"
            ],
            "authors": [
                {
                    "name": "Urs Lang",
                    "email": "urs.lang@gmail.com"
                }
            ],
            "description": "Core",
            "support": {
                "issues": "https://github.com/nemundo/core/issues",
                "source": "https://github.com/nemundo/core/tree/0.51"
            },
            "time": "2021-03-27T07:28:31+00:00"
        }
    ],
    "packages-dev": [],
    "aliases": [],
    "minimum-stability": "stable",
    "stability-flags": [],
    "prefer-stable": false,
    "prefer-lowest": false,
    "platform": [],
    "platform-dev": [],
    "plugin-api-version": "2.0.0"
}
